
Microsoft Visual Studio Solution File, Format Version 12.00
# Visual Studio Version 17
VisualStudioVersion = 17.9.34728.123
MinimumVisualStudioVersion = 10.0.40219.1
Project("{FAE04EC0-301F-11D3-BF4B-00C04F79EFBC}") = "Web-Api-VersionControl-NoUse_NuGet", "Web-Api-VersionControl-NoUse_NuGet\Web-Api-VersionControl-NoUse_NuGet.csproj", "{4D479973-7FBA-4A2F-8EF3-89D4D340FDA2}"
EndProject
Global
	GlobalSection(SolutionConfigurationPlatforms) = preSolution
		Debug|Any CPU = Debug|Any CPU
		Release|Any CPU = Release|Any CPU
	EndGlobalSection
	GlobalSection(ProjectConfigurationPlatforms) = postSolution
		{4D479973-7FBA-4A2F-8EF3-89D4D340FDA2}.Debug|Any CPU.ActiveCfg = Debug|Any CPU
		{4D479973-7FBA-4A2F-8EF3-89D4D340FDA2}.Debug|Any CPU.Build.0 = Debug|Any CPU
		{4D479973-7FBA-4A2F-8EF3-89D4D340FDA2}.Release|Any CPU.ActiveCfg = Release|Any CPU
		{4D479973-7FBA-4A2F-8EF3-89D4D340FDA2}.Release|Any CPU.Build.0 = Release|Any CPU
	EndGlobalSection
	GlobalSection(SolutionProperties) = preSolution
		HideSolutionNode = FALSE
	EndGlobalSection
	GlobalSection(ExtensibilityGlobals) = postSolution
		SolutionGuid = {A42F636D-8550-443C-A42A-F816B453DB46}
	EndGlobalSection
EndGlobal
